
Microsoft Visual Studio Solution File, Format Version 12.00
# Visual Studio Version 16
VisualStudioVersion = 16.0.32413.511
MinimumVisualStudioVersion = 10.0.40219.1
Project("{FAE04EC0-301F-11D3-BF4B-00C04F79EFBC}") = "Koleksiyonlar-Soru-1", "Koleksiyonlar-Soru-1\Koleksiyonlar-Soru-1.csproj", "{1BB5A36F-45BE-4EF8-8D3B-9F8C80188641}"
EndProject
Global
	GlobalSection(SolutionConfigurationPlatforms) = preSolution
		Debug|Any CPU = Debug|Any CPU
		Release|Any CPU = Release|Any CPU
	EndGlobalSection
	GlobalSection(ProjectConfigurationPlatforms) = postSolution
		{1BB5A36F-45BE-4EF8-8D3B-9F8C80188641}.Debug|Any CPU.ActiveCfg = Debug|Any CPU
		{1BB5A36F-45BE-4EF8-8D3B-9F8C80188641}.Debug|Any CPU.Build.0 = Debug|Any CPU
		{1BB5A36F-45BE-4EF8-8D3B-9F8C80188641}.Release|Any CPU.ActiveCfg = Release|Any CPU
		{1BB5A36F-45BE-4EF8-8D3B-9F8C80188641}.Release|Any CPU.Build.0 = Release|Any CPU
	EndGlobalSection
	GlobalSection(SolutionProperties) = preSolution
		HideSolutionNode = FALSE
	EndGlobalSection
	GlobalSection(ExtensibilityGlobals) = postSolution
		SolutionGuid = {B56CB0CF-514D-4A83-AC9D-269F69EF018B}
	EndGlobalSection
EndGlobal
